gitee.com/liumou_site/GoPing v1.1.3 h1:w1Q5G9J3/gQBCH5uGQaWOtbfjWRXedkUXabVJyhsVlM=
gitee.com/liumou_site/GoPing v1.1.3/go.mod h1:wXvHlV4Ee+MuukGQrGAOqmQQuJ33zOuwOdQBAWp6nCA=
gitee.com/liumou_site/gbm v1.1.6 h1:i5vt5YyCu5T7J0rRxt5oX2DAi0/hmPq70nD6I2puqrQ=
gitee.com/liumou_site/gbm v1.1.6/go.mod h1:3f8gY576l8DAmYpoDAnL4fWLtD+ExjJJWVLHtjmTWKo=
gitee.com/liumou_site/gcs v1.8.0 h1:sZsxxdJ6J/zmOoXEDnosKHe/MZDV0YQbSNMRX1a7dF8=
gitee.com/liumou_site/gcs v1.8.0/go.mod h1:O/5sGBxPZDVCnFsOmHpsRQxqvWf/j+Gh3G76/XWJemE=
gitee.com/liumou_site/gf v1.2.12 h1:OHh4LhwVws6f5nhPc1Heb3FdYsJoBXSVxXFohYBQt7g=
gitee.com/liumou_site/gf v1.2.12/go.mod h1:5PGu27dXhDbYI1oMcS8HRlXMbMmnSE5hg3etQ28/KUQ=
gitee.com/liumou_site/gns v1.3.3 h1:PV12SR3oFTTmVnXNbBBR//pUbbRKuoUzVKVYIlI2WIE=
gitee.com/liumou_site/gns v1.3.3/go.mod h1:JJKDUK/ekHNZvHUmwWkvou9Fz07+yVB92iIXOhGsII8=
gitee.com/liumou_site/logger v1.2.3 h1:JTDD39gPvUEB9ZxzmvZYez/k7UPEmoboUAX/MB+bG2w=
gitee.com/liumou_site/logger v1.2.3/go.mod h1:pxR2C7xnkmsFs6fYQST4kduq5uIoCr4CbHHm2TtPF6U=
github.com/axgle/mahonia v0.0.0-20180208002826-3358181d7394 h1:OYA+5W64v3OgClL+IrOD63t4i/RW7RqrAVl9LTZ9UqQ=
github.com/axgle/mahonia v0.0.0-20180208002826-3358181d7394/go.mod h1:Q8n74mJTIgjX4RBBcHnJ05h//6/k6foqmgE45jTQtxg=
github.com/frankban/quicktest v1.14.6 h1:7Xjx+VpznH+oBnejlPUj8oUpdxnVs4f8XU8WnHkI4W8=
github.com/frankban/quicktest v1.14.6/go.mod h1:4ptaffx2x8+WTWXmUCuVU6aPUX1/Mz7zb5vbUoiM6w0=
github.com/google/go-cmp v0.5.9 h1:O2Tfq5qg4qc4AmwVlvv0oLiVAGB7enBSJ2x2DqQFi38=
github.com/google/go-cmp v0.5.9/go.mod h1:17dUlkBOakJ0+DkrSSNjCkIjxS6bF9zb3elmeNGIjoY=
github.com/kr/pretty v0.3.1 h1:flRD4NNwYAUpkphVc1HcthR4KEIFJ65n8Mw5qdRn3LE=
github.com/kr/pretty v0.3.1/go.mod h1:hoEshYVHaxMs3cyo3Yncou5ZscifuDolrwPKZanG3xk=
github.com/kr/text v0.2.0 h1:5Nx0Ya0ZqY2ygV366QzturHI13Jq95ApcVaJBhpS+AY=
github.com/kr/text v0.2.0/go.mod h1:eLer722TekiGuMkidMxC/pM04lWEeraHUUmBw8l2grE=
github.com/mattn/go-colorable v0.1.14 h1:9A9LHSqF/7dyVVX6g0U9cwm9pG3kP9gSzcuIPHPsaIE=
github.com/mattn/go-colorable v0.1.14/go.mod h1:6LmQG8QLFO4G5z1gPvYEzlUgJ2wF+stgPZH1UqBm1s8=
github.com/mattn/go-isatty v0.0.20 h1:xfD0iDuEKnDkl03q4limB+vH+GxLEtL/jb4xVJSWWEY=
github.com/mattn/go-isatty v0.0.20/go.mod h1:W+V8PltTTMOvKvAeJH7IuucS94S2C6jfK/D7dTCTo3Y=
github.com/rogpeppe/go-internal v1.9.0 h1:73kH8U+JUqXU8lRuOHeVHaa/SZPifC7BkcraZVejAe8=
github.com/rogpeppe/go-internal v1.9.0/go.mod h1:WtVeX8xhTBvf0smdhujwtBcq4Qrzq/fJaraNFVN+nFs=
github.com/spf13/cast v1.9.2 h1:SsGfm7M8QOFtEzumm7UZrZdLLquNdzFYfIbEXntcFbE=
github.com/spf13/cast v1.9.2/go.mod h1:jNfB8QC9IA6ZuY2ZjDp0KtFO2LZZlg4S/7bzP6qqeHo=
golang.org/x/net v0.43.0 h1:lat02VYK2j4aLzMzecihNvTlJNQUq316m2Mr9rnM6YE=
golang.org/x/net v0.43.0/go.mod h1:vhO1fvI4dGsIjh73sWfUVjj3N7CA9WkKJNQm2svM6Jg=
golang.org/x/sys v0.6.0/go.mod h1:oPkhp1MJrh7nUepCBck5+mAzfO9JrbApNNgaTdGDITg=
golang.org/x/sys v0.35.0 h1:vz1N37gP5bs89s7He8XuIYXpyY0+QlsKmzipCbUtyxI=
golang.org/x/sys v0.35.0/go.mod h1:BJP2sWEmIv4KK5OTEluFJCKSidICx8ciO85XgH3Ak8k=
